{
  "name": "ongoing-project-speech-to-text",
  "version": "1.0.0",
  "lockfileVersion": 3,
  "requires": true,
  "packages": {
    "": {
      "name": "ongoing-project-speech-to-text",
      "version": "1.0.0",
      "license": "ISC",
      "dependencies": {
        "@cheapundies/responsive-voice": "^1.5.7"
      }
    },
    "node_modules/@cheapundies/responsive-voice": {
      "version": "1.5.7",
      "resolved": "https://registry.npmjs.org/@cheapundies/responsive-voice/-/responsive-voice-1.5.7.tgz",
      "integrity": "sha512-4Ip4Ug1dr9nenfd4D8+iTGQTc0996jx8dPumLmB5T+/vaegRrst+VGsUgNKsSIlu1ZM1NawlLecjMRg0qGRz1w=="
    }
  }
}
